
Microsoft Visual Studio Solution File, Format Version 12.00
# Visual Studio Version 17
VisualStudioVersion = 17.5.002.0
MinimumVisualStudioVersion = 10.0.40219.1
Project("{9A19103F-16F7-4668-BE54-9A1E7A4F7556}") = "ASPxAngular", "ASPxAngular.csproj", "{DC92EE8C-5A78-4E3C-B633-D787BB190713}"
EndProject
Global
	GlobalSection(SolutionConfigurationPlatforms) = preSolution
		Debug|Any CPU = Debug|Any CPU
		Release|Any CPU = Release|Any CPU
	EndGlobalSection
	GlobalSection(ProjectConfigurationPlatforms) = postSolution
		{DC92EE8C-5A78-4E3C-B633-D787BB190713}.Debug|Any CPU.ActiveCfg = Debug|Any CPU
		{DC92EE8C-5A78-4E3C-B633-D787BB190713}.Debug|Any CPU.Build.0 = Debug|Any CPU
		{DC92EE8C-5A78-4E3C-B633-D787BB190713}.Release|Any CPU.ActiveCfg = Release|Any CPU
		{DC92EE8C-5A78-4E3C-B633-D787BB190713}.Release|Any CPU.Build.0 = Release|Any CPU
	EndGlobalSection
	GlobalSection(SolutionProperties) = preSolution
		HideSolutionNode = FALSE
	EndGlobalSection
	GlobalSection(ExtensibilityGlobals) = postSolution
		SolutionGuid = {000732C4-C54E-4A96-A089-055D6E72CF4E}
	EndGlobalSection
EndGlobal
